{
  "requires": true,
  "lockfileVersion": 1,
  "dependencies": {
    "actioncable": {
      "version": "5.2.1",
      "resolved": "https://registry.npmjs.org/actioncable/-/actioncable-5.2.1.tgz",
      "integrity": "sha512-z/YnsgKYUC0E28Pr8YGaq8sZXNQLTZNa8PAJGmqj5qODiGHTyaCVy/DkP1+xpJtAX/UaHSGHobIemoDY/x5SbQ=="
    }
  }
}
